
Microsoft Visual Studio Solution File, Format Version 12.00
# Visual Studio 2013
VisualStudioVersion = 12.0.30324.0
MinimumVisualStudioVersion = 10.0.40219.1
Project("{FAE04EC0-301F-11D3-BF4B-00C04F79EFBC}") = "TekConf.Web.Admin", "TekConf.Web.Admin\TekConf.Web.Admin.csproj", "{B9EFB6BB-406D-468F-9F1D-02AFB19D1D72}"
EndProject
Project("{2150E333-8FDC-42A3-9474-1A3956D46DE8}") = "Solution Items", "Solution Items", "{196406B2-A89D-4E76-8FFE-18AA6D1A3593}"
	ProjectSection(SolutionItems) = preProject
		README.md = README.md
	EndProjectSection
EndProject
Project("{FAE04EC0-301F-11D3-BF4B-00C04F79EFBC}") = "TekConf.Data", "TekConf.Data\TekConf.Data.csproj", "{8EB54A3E-2ED3-458C-B3C8-BD32FA06DC03}"
EndProject
Project("{FAE04EC0-301F-11D3-BF4B-00C04F79EFBC}") = "TekConf.Web", "TekConf.Web\TekConf.Web.csproj", "{011C7510-3B31-4BA7-957D-2A5805C8EF7B}"
EndProject
Global
	GlobalSection(SolutionConfigurationPlatforms) = preSolution
		Debug|Any CPU = Debug|Any CPU
		Release|Any CPU = Release|Any CPU
	EndGlobalSection
	GlobalSection(ProjectConfigurationPlatforms) = postSolution
		{B9EFB6BB-406D-468F-9F1D-02AFB19D1D72}.Debug|Any CPU.ActiveCfg = Debug|Any CPU
		{B9EFB6BB-406D-468F-9F1D-02AFB19D1D72}.Debug|Any CPU.Build.0 = Debug|Any CPU
		{B9EFB6BB-406D-468F-9F1D-02AFB19D1D72}.Release|Any CPU.ActiveCfg = Release|Any CPU
		{B9EFB6BB-406D-468F-9F1D-02AFB19D1D72}.Release|Any CPU.Build.0 = Release|Any CPU
		{8EB54A3E-2ED3-458C-B3C8-BD32FA06DC03}.Debug|Any CPU.ActiveCfg = Debug|Any CPU
		{8EB54A3E-2ED3-458C-B3C8-BD32FA06DC03}.Debug|Any CPU.Build.0 = Debug|Any CPU
		{8EB54A3E-2ED3-458C-B3C8-BD32FA06DC03}.Release|Any CPU.ActiveCfg = Release|Any CPU
		{8EB54A3E-2ED3-458C-B3C8-BD32FA06DC03}.Release|Any CPU.Build.0 = Release|Any CPU
		{011C7510-3B31-4BA7-957D-2A5805C8EF7B}.Debug|Any CPU.ActiveCfg = Debug|Any CPU
		{011C7510-3B31-4BA7-957D-2A5805C8EF7B}.Debug|Any CPU.Build.0 = Debug|Any CPU
		{011C7510-3B31-4BA7-957D-2A5805C8EF7B}.Release|Any CPU.ActiveCfg = Release|Any CPU
		{011C7510-3B31-4BA7-957D-2A5805C8EF7B}.Release|Any CPU.Build.0 = Release|Any CPU
	EndGlobalSection
	GlobalSection(SolutionProperties) = preSolution
		HideSolutionNode = FALSE
	EndGlobalSection
EndGlobal
